// !$*UTF8*$!
{
	archiveVersion = 1;
	classes = {
	};
	objectVersion = 50;
	objects = {

/* Begin PBXBuildFile section */
		F93374D1213D161D002A8CAE /* String+Coding.swift in Sources */ = {isa = PBXBuildFile; fileRef = F93374D0213D161D002A8CAE /* String+Coding.swift */; };
		F93374D4213E7660002A8CAE /* Float+Normal.swift in Sources */ = {isa = PBXBuildFile; fileRef = F93374D3213E7660002A8CAE /* Float+Normal.swift */; };
		F9337512213FBA7A002A8CAE /* DateExtensionTest.swift in Sources */ = {isa = PBXBuildFile; fileRef = F9337511213FBA7A002A8CAE /* DateExtensionTest.swift */; };
		F9AD7AE120BE815A00AD302F /* AppDelegate.swift in Sources */ = {isa = PBXBuildFile; fileRef = F9AD7AE020BE815A00AD302F /* AppDelegate.swift */; };
		F9AD7AE320BE815A00AD302F /* ViewController.swift in Sources */ = {isa = PBXBuildFile; fileRef = F9AD7AE220BE815A00AD302F /* ViewController.swift */; };
		F9AD7AE620BE815A00AD302F /* Main.storyboard in Resources */ = {isa = PBXBuildFile; fileRef = F9AD7AE420BE815A00AD302F /* Main.storyboard */; };
		F9AD7AE820BE815B00AD302F /* Assets.xcassets in Resources */ = {isa = PBXBuildFile; fileRef = F9AD7AE720BE815B00AD302F /* Assets.xcassets */; };
		F9AD7AEB20BE815B00AD302F /* LaunchScreen.storyboard in Resources */ = {isa = PBXBuildFile; fileRef = F9AD7AE920BE815B00AD302F /* LaunchScreen.storyboard */; };
		F9AD7AF620BE815B00AD302F /* ExampleTests.swift in Sources */ = {isa = PBXBuildFile; fileRef = F9AD7AF520BE815B00AD302F /* ExampleTests.swift */; };
		F9AD7B0120BE815B00AD302F /* ExampleUITests.swift in Sources */ = {isa = PBXBuildFile; fileRef = F9AD7B0020BE815B00AD302F /* ExampleUITests.swift */; };
		F9AD7B1420BE9DF600AD302F /* .gitkeep in Resources */ = {isa = PBXBuildFile; fileRef = F9AD7B0F20BE9DF600AD302F /* .gitkeep */; };
		F9AD7B4420BE9E6B00AD302F /* BDFileUtilities.swift in Sources */ = {isa = PBXBuildFile; fileRef = F9AD7B1A20BE9E6B00AD302F /* BDFileUtilities.swift */; };
		F9AD7B4520BE9E6B00AD302F /* DigitalTranslator.swift in Sources */ = {isa = PBXBuildFile; fileRef = F9AD7B1C20BE9E6B00AD302F /* DigitalTranslator.swift */; };
		F9AD7B4620BE9E6B00AD302F /* Date+BDExtension.swift in Sources */ = {isa = PBXBuildFile; fileRef = F9AD7B1E20BE9E6B00AD302F /* Date+BDExtension.swift */; };
		F9AD7B4720BE9E6B00AD302F /* String+TextSize.swift in Sources */ = {isa = PBXBuildFile; fileRef = F9AD7B2120BE9E6B00AD302F /* String+TextSize.swift */; };
		F9AD7B4820BE9E6B00AD302F /* String+Verification.swift in Sources */ = {isa = PBXBuildFile; fileRef = F9AD7B2220BE9E6B00AD302F /* String+Verification.swift */; };
		F9AD7B4920BE9E6B00AD302F /* String+Replace.swift in Sources */ = {isa = PBXBuildFile; fileRef = F9AD7B2320BE9E6B00AD302F /* String+Replace.swift */; };
		F9AD7B4B20BE9E6B00AD302F /* UILabel+Extension.swift in Sources */ = {isa = PBXBuildFile; fileRef = F9AD7B2820BE9E6B00AD302F /* UILabel+Extension.swift */; };
		F9AD7B4C20BE9E6B00AD302F /* UIButton+Center.swift in Sources */ = {isa = PBXBuildFile; fileRef = F9AD7B2A20BE9E6B00AD302F /* UIButton+Center.swift */; };
		F9AD7B4D20BE9E6B00AD302F /* UIColor+BDExtension.swift in Sources */ = {isa = PBXBuildFile; fileRef = F9AD7B2C20BE9E6B00AD302F /* UIColor+BDExtension.swift */; };
		F9AD7B4E20BE9E6B00AD302F /* UIView+LayoutMethods.swift in Sources */ = {isa = PBXBuildFile; fileRef = F9AD7B2E20BE9E6B00AD302F /* UIView+LayoutMethods.swift */; };
		F9AD7B4F20BE9E6B00AD302F /* UIView+SnapShot.swift in Sources */ = {isa = PBXBuildFile; fileRef = F9AD7B2F20BE9E6B00AD302F /* UIView+SnapShot.swift */; };
		F9AD7B5020BE9E6B00AD302F /* CGSize+BDExtension.swift in Sources */ = {isa = PBXBuildFile; fileRef = F9AD7B3120BE9E6B00AD302F /* CGSize+BDExtension.swift */; };
		F9AD7B5120BE9E6B00AD302F /* UIControll+MutiClick.swift in Sources */ = {isa = PBXBuildFile; fileRef = F9AD7B3320BE9E6B00AD302F /* UIControll+MutiClick.swift */; };
		F9AD7B5220BE9E6B00AD302F /* UITextView+BDExtension.swift in Sources */ = {isa = PBXBuildFile; fileRef = F9AD7B3520BE9E6B00AD302F /* UITextView+BDExtension.swift */; };
		F9AD7B5320BE9E6B00AD302F /* UIViewController+Keyboard.swift in Sources */ = {isa = PBXBuildFile; fileRef = F9AD7B3720BE9E6B00AD302F /* UIViewController+Keyboard.swift */; };
		F9AD7B5420BE9E6B00AD302F /* UINavigationController+BDPop.swift in Sources */ = {isa = PBXBuildFile; fileRef = F9AD7B3920BE9E6B00AD302F /* UINavigationController+BDPop.swift */; };
		F9AD7B5520BE9E6B00AD302F /* UITableView+Extension.swift in Sources */ = {isa = PBXBuildFile; fileRef = F9AD7B3B20BE9E6B00AD302F /* UITableView+Extension.swift */; };
		F9AD7B5620BE9E6B00AD302F /* UIImage+Modify.swift in Sources */ = {isa = PBXBuildFile; fileRef = F9AD7B3D20BE9E6B00AD302F /* UIImage+Modify.swift */; };
		F9AD7B5720BE9E6B00AD302F /* UIImage+Effect.swift in Sources */ = {isa = PBXBuildFile; fileRef = F9AD7B3E20BE9E6B00AD302F /* UIImage+Effect.swift */; };
		F9AD7B5820BE9E6B00AD302F /* UITextField+BDExtension.swift in Sources */ = {isa = PBXBuildFile; fileRef = F9AD7B4020BE9E6B00AD302F /* UITextField+BDExtension.swift */; };
		F9AD7B5C20BF9A0B00AD302F /* String+Normal.swift in Sources */ = {isa = PBXBuildFile; fileRef = F9AD7B5B20BF9A0B00AD302F /* String+Normal.swift */; };
		F9AD7B5F20BF9A7400AD302F /* Int+Normal.swift in Sources */ = {isa = PBXBuildFile; fileRef = F9AD7B5E20BF9A7400AD302F /* Int+Normal.swift */; };
		F9AD7B6120BFC56000AD302F /* UIView+NibInitalization.swift in Sources */ = {isa = PBXBuildFile; fileRef = F9AD7B6020BFC56000AD302F /* UIView+NibInitalization.swift */; };
		F9AD7B6520BFC64E00AD302F /* TestCollectionReusableView.swift in Sources */ = {isa = PBXBuildFile; fileRef = F9AD7B6320BFC64E00AD302F /* TestCollectionReusableView.swift */; };
		F9AD7B6620BFC64E00AD302F /* TestCollectionReusableView.xib in Resources */ = {isa = PBXBuildFile; fileRef = F9AD7B6420BFC64E00AD302F /* TestCollectionReusableView.xib */; };
		F9E11A8820C5166E007803F6 /* StringExtensionTest.swift in Sources */ = {isa = PBXBuildFile; fileRef = F9E11A8720C5166E007803F6 /* StringExtensionTest.swift */; };
/* End PBXBuildFile section */

/* Begin PBXContainerItemProxy section */
		F9AD7AF220BE815B00AD302F /* PBXContainerItemProxy */ = {
			isa = PBXContainerItemProxy;
			containerPortal = F9AD7AD520BE815A00AD302F /* Project object */;
			proxyType = 1;
			remoteGlobalIDString = F9AD7ADC20BE815A00AD302F;
			remoteInfo = Example;
		};
		F9AD7AFD20BE815B00AD302F /* PBXContainerItemProxy */ = {
			isa = PBXContainerItemProxy;
			containerPortal = F9AD7AD520BE815A00AD302F /* Project object */;
			proxyType = 1;
			remoteGlobalIDString = F9AD7ADC20BE815A00AD302F;
			remoteInfo = Example;
		};
/* End PBXContainerItemProxy section */

/* Begin PBXFileReference section */
		F93374D0213D161D002A8CAE /* String+Coding.swift */ = {isa = PBXFileReference; lastKnownFileType = sourcecode.swift; path = "String+Coding.swift"; sourceTree = "<group>"; };
		F93374D3213E7660002A8CAE /* Float+Normal.swift */ = {isa = PBXFileReference; lastKnownFileType = sourcecode.swift; path = "Float+Normal.swift"; sourceTree = "<group>"; };
		F9337511213FBA7A002A8CAE /* DateExtensionTest.swift */ = {isa = PBXFileReference; lastKnownFileType = sourcecode.swift; path = DateExtensionTest.swift; sourceTree = "<group>"; };
		F9AD7ADD20BE815A00AD302F /* Example.app */ = {isa = PBXFileReference; explicitFileType = wrapper.application; includeInIndex = 0; path = Example.app; sourceTree = BUILT_PRODUCTS_DIR; };
		F9AD7AE020BE815A00AD302F /* AppDelegate.swift */ = {isa = PBXFileReference; lastKnownFileType = sourcecode.swift; path = AppDelegate.swift; sourceTree = "<group>"; };
		F9AD7AE220BE815A00AD302F /* ViewController.swift */ = {isa = PBXFileReference; lastKnownFileType = sourcecode.swift; path = ViewController.swift; sourceTree = "<group>"; };
		F9AD7AE520BE815A00AD302F /* Base */ = {isa = PBXFileReference; lastKnownFileType = file.storyboard; name = Base; path = Base.lproj/Main.storyboard; sourceTree = "<group>"; };
		F9AD7AE720BE815B00AD302F /* Assets.xcassets */ = {isa = PBXFileReference; lastKnownFileType = folder.assetcatalog; path = Assets.xcassets; sourceTree = "<group>"; };
		F9AD7AEA20BE815B00AD302F /* Base */ = {isa = PBXFileReference; lastKnownFileType = file.storyboard; name = Base; path = Base.lproj/LaunchScreen.storyboard; sourceTree = "<group>"; };
		F9AD7AEC20BE815B00AD302F /* Info.plist */ = {isa = PBXFileReference; lastKnownFileType = text.plist.xml; path = Info.plist; sourceTree = "<group>"; };
		F9AD7AF120BE815B00AD302F /* ExampleTests.xctest */ = {isa = PBXFileReference; explicitFileType = wrapper.cfbundle; includeInIndex = 0; path = ExampleTests.xctest; sourceTree = BUILT_PRODUCTS_DIR; };
		F9AD7AF520BE815B00AD302F /* ExampleTests.swift */ = {isa = PBXFileReference; lastKnownFileType = sourcecode.swift; path = ExampleTests.swift; sourceTree = "<group>"; };
		F9AD7AF720BE815B00AD302F /* Info.plist */ = {isa = PBXFileReference; lastKnownFileType = text.plist.xml; path = Info.plist; sourceTree = "<group>"; };
		F9AD7AFC20BE815B00AD302F /* ExampleUITests.xctest */ = {isa = PBXFileReference; explicitFileType = wrapper.cfbundle; includeInIndex = 0; path = ExampleUITests.xctest; sourceTree = BUILT_PRODUCTS_DIR; };
		F9AD7B0020BE815B00AD302F /* ExampleUITests.swift */ = {isa = PBXFileReference; lastKnownFileType = sourcecode.swift; path = ExampleUITests.swift; sourceTree = "<group>"; };
		F9AD7B0220BE815B00AD302F /* Info.plist */ = {isa = PBXFileReference; lastKnownFileType = text.plist.xml; path = Info.plist; sourceTree = "<group>"; };
		F9AD7B0F20BE9DF600AD302F /* .gitkeep */ = {isa = PBXFileReference; fileEncoding = 4; lastKnownFileType = text; path = .gitkeep; sourceTree = "<group>"; };
		F9AD7B1A20BE9E6B00AD302F /* BDFileUtilities.swift */ = {isa = PBXFileReference; fileEncoding = 4; lastKnownFileType = sourcecode.swift; path = BDFileUtilities.swift; sourceTree = "<group>"; };
		F9AD7B1C20BE9E6B00AD302F /* DigitalTranslator.swift */ = {isa = PBXFileReference; fileEncoding = 4; lastKnownFileType = sourcecode.swift; path = DigitalTranslator.swift; sourceTree = "<group>"; };
		F9AD7B1E20BE9E6B00AD302F /* Date+BDExtension.swift */ = {isa = PBXFileReference; fileEncoding = 4; lastKnownFileType = sourcecode.swift; path = "Date+BDExtension.swift"; sourceTree = "<group>"; };
		F9AD7B2120BE9E6B00AD302F /* String+TextSize.swift */ = {isa = PBXFileReference; fileEncoding = 4; lastKnownFileType = sourcecode.swift; path = "String+TextSize.swift"; sourceTree = "<group>"; };
		F9AD7B2220BE9E6B00AD302F /* String+Verification.swift */ = {isa = PBXFileReference; fileEncoding = 4; lastKnownFileType = sourcecode.swift; path = "String+Verification.swift"; sourceTree = "<group>"; };
		F9AD7B2320BE9E6B00AD302F /* String+Replace.swift */ = {isa = PBXFileReference; fileEncoding = 4; lastKnownFileType = sourcecode.swift; path = "String+Replace.swift"; sourceTree = "<group>"; };
		F9AD7B2820BE9E6B00AD302F /* UILabel+Extension.swift */ = {isa = PBXFileReference; fileEncoding = 4; lastKnownFileType = sourcecode.swift; path = "UILabel+Extension.swift"; sourceTree = "<group>"; };
		F9AD7B2A20BE9E6B00AD302F /* UIButton+Center.swift */ = {isa = PBXFileReference; fileEncoding = 4; lastKnownFileType = sourcecode.swift; path = "UIButton+Center.swift"; sourceTree = "<group>"; };
		F9AD7B2C20BE9E6B00AD302F /* UIColor+BDExtension.swift */ = {isa = PBXFileReference; fileEncoding = 4; lastKnownFileType = sourcecode.swift; path = "UIColor+BDExtension.swift"; sourceTree = "<group>"; };
		F9AD7B2E20BE9E6B00AD302F /* UIView+LayoutMethods.swift */ = {isa = PBXFileReference; fileEncoding = 4; lastKnownFileType = sourcecode.swift; path = "UIView+LayoutMethods.swift"; sourceTree = "<group>"; };
		F9AD7B2F20BE9E6B00AD302F /* UIView+SnapShot.swift */ = {isa = PBXFileReference; fileEncoding = 4; lastKnownFileType = sourcecode.swift; path = "UIView+SnapShot.swift"; sourceTree = "<group>"; };
		F9AD7B3120BE9E6B00AD302F /* CGSize+BDExtension.swift */ = {isa = PBXFileReference; fileEncoding = 4; lastKnownFileType = sourcecode.swift; path = "CGSize+BDExtension.swift"; sourceTree = "<group>"; };
		F9AD7B3320BE9E6B00AD302F /* UIControll+MutiClick.swift */ = {isa = PBXFileReference; fileEncoding = 4; lastKnownFileType = sourcecode.swift; path = "UIControll+MutiClick.swift"; sourceTree = "<group>"; };
		F9AD7B3520BE9E6B00AD302F /* UITextView+BDExtension.swift */ = {isa = PBXFileReference; fileEncoding = 4; lastKnownFileType = sourcecode.swift; path = "UITextView+BDExtension.swift"; sourceTree = "<group>"; };
		F9AD7B3720BE9E6B00AD302F /* UIViewController+Keyboard.swift */ = {isa = PBXFileReference; fileEncoding = 4; lastKnownFileType = sourcecode.swift; path = "UIViewController+Keyboard.swift"; sourceTree = "<group>"; };
		F9AD7B3920BE9E6B00AD302F /* UINavigationController+BDPop.swift */ = {isa = PBXFileReference; fileEncoding = 4; lastKnownFileType = sourcecode.swift; path = "UINavigationController+BDPop.swift"; sourceTree = "<group>"; };
		F9AD7B3B20BE9E6B00AD302F /* UITableView+Extension.swift */ = {isa = PBXFileReference; fileEncoding = 4; lastKnownFileType = sourcecode.swift; path = "UITableView+Extension.swift"; sourceTree = "<group>"; };
		F9AD7B3D20BE9E6B00AD302F /* UIImage+Modify.swift */ = {isa = PBXFileReference; fileEncoding = 4; lastKnownFileType = sourcecode.swift; path = "UIImage+Modify.swift"; sourceTree = "<group>"; };
		F9AD7B3E20BE9E6B00AD302F /* UIImage+Effect.swift */ = {isa = PBXFileReference; fileEncoding = 4; lastKnownFileType = sourcecode.swift; path = "UIImage+Effect.swift"; sourceTree = "<group>"; };
		F9AD7B4020BE9E6B00AD302F /* UITextField+BDExtension.swift */ = {isa = PBXFileReference; fileEncoding = 4; lastKnownFileType = sourcecode.swift; path = "UITextField+BDExtension.swift"; sourceTree = "<group>"; };
		F9AD7B5B20BF9A0B00AD302F /* String+Normal.swift */ = {isa = PBXFileReference; lastKnownFileType = sourcecode.swift; path = "String+Normal.swift"; sourceTree = "<group>"; };
		F9AD7B5E20BF9A7400AD302F /* Int+Normal.swift */ = {isa = PBXFileReference; lastKnownFileType = sourcecode.swift; path = "Int+Normal.swift"; sourceTree = "<group>"; };
		F9AD7B6020BFC56000AD302F /* UIView+NibInitalization.swift */ = {isa = PBXFileReference; lastKnownFileType = sourcecode.swift; path = "UIView+NibInitalization.swift"; sourceTree = "<group>"; };
		F9AD7B6320BFC64E00AD302F /* TestCollectionReusableView.swift */ = {isa = PBXFileReference; lastKnownFileType = sourcecode.swift; path = TestCollectionReusableView.swift; sourceTree = "<group>"; };
		F9AD7B6420BFC64E00AD302F /* TestCollectionReusableView.xib */ = {isa = PBXFileReference; lastKnownFileType = file.xib; path = TestCollectionReusableView.xib; sourceTree = "<group>"; };
		F9D005DF20CFACB6006EDD91 /* MyPlayground.playground */ = {isa = PBXFileReference; lastKnownFileType = file.playground; path = MyPlayground.playground; sourceTree = "<group>"; xcLanguageSpecificationIdentifier = xcode.lang.swift; };
		F9E11A8720C5166E007803F6 /* StringExtensionTest.swift */ = {isa = PBXFileReference; lastKnownFileType = sourcecode.swift; path = StringExtensionTest.swift; sourceTree = "<group>"; };
/* End PBXFileReference section */

/* Begin PBXFrameworksBuildPhase section */
		F9AD7ADA20BE815A00AD302F /* Frameworks */ = {
			isa = PBXFrameworksBuildPhase;
			buildActionMask = 2147483647;
			files = (
			);
			runOnlyForDeploymentPostprocessing = 0;
		};
		F9AD7AEE20BE815B00AD302F /* Frameworks */ = {
			isa = PBXFrameworksBuildPhase;
			buildActionMask = 2147483647;
			files = (
			);
			runOnlyForDeploymentPostprocessing = 0;
		};
		F9AD7AF920BE815B00AD302F /* Frameworks */ = {
			isa = PBXFrameworksBuildPhase;
			buildActionMask = 2147483647;
			files = (
			);
			runOnlyForDeploymentPostprocessing = 0;
		};
/* End PBXFrameworksBuildPhase section */

/* Begin PBXGroup section */
		F93374D2213E763E002A8CAE /* Float */ = {
			isa = PBXGroup;
			children = (
				F93374D3213E7660002A8CAE /* Float+Normal.swift */,
			);
			path = Float;
			sourceTree = "<group>";
		};
		F9AD7AD420BE815A00AD302F = {
			isa = PBXGroup;
			children = (
				F9AD7B0E20BE9DF600AD302F /* Classes */,
				F9AD7ADF20BE815A00AD302F /* Example */,
				F9AD7AF420BE815B00AD302F /* ExampleTests */,
				F9AD7AFF20BE815B00AD302F /* ExampleUITests */,
				F9AD7ADE20BE815A00AD302F /* Products */,
			);
			sourceTree = "<group>";
		};
		F9AD7ADE20BE815A00AD302F /* Products */ = {
			isa = PBXGroup;
			children = (
				F9AD7ADD20BE815A00AD302F /* Example.app */,
				F9AD7AF120BE815B00AD302F /* ExampleTests.xctest */,
				F9AD7AFC20BE815B00AD302F /* ExampleUITests.xctest */,
			);
			name = Products;
			sourceTree = "<group>";
		};
		F9AD7ADF20BE815A00AD302F /* Example */ = {
			isa = PBXGroup;
			children = (
				F9AD7AE020BE815A00AD302F /* AppDelegate.swift */,
				F9AD7AE220BE815A00AD302F /* ViewController.swift */,
				F9D005DF20CFACB6006EDD91 /* MyPlayground.playground */,
				F9AD7AE420BE815A00AD302F /* Main.storyboard */,
				F9AD7AE720BE815B00AD302F /* Assets.xcassets */,
				F9AD7AE920BE815B00AD302F /* LaunchScreen.storyboard */,
				F9AD7AEC20BE815B00AD302F /* Info.plist */,
			);
			path = Example;
			sourceTree = "<group>";
		};
		F9AD7AF420BE815B00AD302F /* ExampleTests */ = {
			isa = PBXGroup;
			children = (
				F9AD7B6220BFC60500AD302F /* View */,
				F9AD7AF520BE815B00AD302F /* ExampleTests.swift */,
				F9E11A8720C5166E007803F6 /* StringExtensionTest.swift */,
				F9337511213FBA7A002A8CAE /* DateExtensionTest.swift */,
				F9AD7AF720BE815B00AD302F /* Info.plist */,
			);
			path = ExampleTests;
			sourceTree = "<group>";
		};
		F9AD7AFF20BE815B00AD302F /* ExampleUITests */ = {
			isa = PBXGroup;
			children = (
				F9AD7B0020BE815B00AD302F /* ExampleUITests.swift */,
				F9AD7B0220BE815B00AD302F /* Info.plist */,
			);
			path = ExampleUITests;
			sourceTree = "<group>";
		};
		F9AD7B0E20BE9DF600AD302F /* Classes */ = {
			isa = PBXGroup;
			children = (
				F9AD7B1820BE9E6B00AD302F /* FoundationExtension */,
				F9AD7B1F20BE9E6B00AD302F /* Swift */,
				F9AD7B2420BE9E6B00AD302F /* UIKitExtension */,
				F9AD7B0F20BE9DF600AD302F /* .gitkeep */,
			);
			name = Classes;
			path = ../Classes;
			sourceTree = "<group>";
		};
		F9AD7B1820BE9E6B00AD302F /* FoundationExtension */ = {
			isa = PBXGroup;
			children = (
				F9AD7B1920BE9E6B00AD302F /* FileManagerExtension */,
				F9AD7B1B20BE9E6B00AD302F /* DigitalTranslator */,
				F9AD7B1D20BE9E6B00AD302F /* DateExtension */,
			);
			path = FoundationExtension;
			sourceTree = "<group>";
		};
		F9AD7B1920BE9E6B00AD302F /* FileManagerExtension */ = {
			isa = PBXGroup;
			children = (
				F9AD7B1A20BE9E6B00AD302F /* BDFileUtilities.swift */,
			);
			path = FileManagerExtension;
			sourceTree = "<group>";
		};
		F9AD7B1B20BE9E6B00AD302F /* DigitalTranslator */ = {
			isa = PBXGroup;
			children = (
				F9AD7B1C20BE9E6B00AD302F /* DigitalTranslator.swift */,
			);
			path = DigitalTranslator;
			sourceTree = "<group>";
		};
		F9AD7B1D20BE9E6B00AD302F /* DateExtension */ = {
			isa = PBXGroup;
			children = (
				F9AD7B1E20BE9E6B00AD302F /* Date+BDExtension.swift */,
			);
			path = DateExtension;
			sourceTree = "<group>";
		};
		F9AD7B1F20BE9E6B00AD302F /* Swift */ = {
			isa = PBXGroup;
			children = (
				F93374D2213E763E002A8CAE /* Float */,
				F9AD7B5D20BF9A5600AD302F /* Int */,
				F9AD7B2020BE9E6B00AD302F /* String */,
			);
			path = Swift;
			sourceTree = "<group>";
		};
		F9AD7B2020BE9E6B00AD302F /* String */ = {
			isa = PBXGroup;
			children = (
				F9AD7B2120BE9E6B00AD302F /* String+TextSize.swift */,
				F9AD7B2220BE9E6B00AD302F /* String+Verification.swift */,
				F9AD7B2320BE9E6B00AD302F /* String+Replace.swift */,
				F9AD7B5B20BF9A0B00AD302F /* String+Normal.swift */,
				F93374D0213D161D002A8CAE /* String+Coding.swift */,
			);
			path = String;
			sourceTree = "<group>";
		};
		F9AD7B2420BE9E6B00AD302F /* UIKitExtension */ = {
			isa = PBXGroup;
			children = (
				F9AD7B2520BE9E6B00AD302F /* UINib */,
				F9AD7B2720BE9E6B00AD302F /* UILabel */,
				F9AD7B2920BE9E6B00AD302F /* UIButton */,
				F9AD7B2B20BE9E6B00AD302F /* UIColor */,
				F9AD7B2D20BE9E6B00AD302F /* UIViewExtension */,
				F9AD7B3020BE9E6B00AD302F /* CGSize */,
				F9AD7B3220BE9E6B00AD302F /* UIControll */,
				F9AD7B3420BE9E6B00AD302F /* UITextView */,
				F9AD7B3620BE9E6B00AD302F /* UIViewController */,
				F9AD7B3820BE9E6B00AD302F /* UINavigationController */,
				F9AD7B3A20BE9E6B00AD302F /* UITableView */,
				F9AD7B3C20BE9E6B00AD302F /* UIImageExtension */,
				F9AD7B3F20BE9E6B00AD302F /* UITextField */,
			);
			path = UIKitExtension;
			sourceTree = "<group>";
		};
		F9AD7B2520BE9E6B00AD302F /* UINib */ = {
			isa = PBXGroup;
			children = (
			);
			path = UINib;
			sourceTree = "<group>";
		};
		F9AD7B2720BE9E6B00AD302F /* UILabel */ = {
			isa = PBXGroup;
			children = (
				F9AD7B2820BE9E6B00AD302F /* UILabel+Extension.swift */,
			);
			path = UILabel;
			sourceTree = "<group>";
		};
		F9AD7B2920BE9E6B00AD302F /* UIButton */ = {
			isa = PBXGroup;
			children = (
				F9AD7B2A20BE9E6B00AD302F /* UIButton+Center.swift */,
			);
			path = UIButton;
			sourceTree = "<group>";
		};
		F9AD7B2B20BE9E6B00AD302F /* UIColor */ = {
			isa = PBXGroup;
			children = (
				F9AD7B2C20BE9E6B00AD302F /* UIColor+BDExtension.swift */,
			);
			path = UIColor;
			sourceTree = "<group>";
		};
		F9AD7B2D20BE9E6B00AD302F /* UIViewExtension */ = {
			isa = PBXGroup;
			children = (
				F9AD7B2E20BE9E6B00AD302F /* UIView+LayoutMethods.swift */,
				F9AD7B2F20BE9E6B00AD302F /* UIView+SnapShot.swift */,
				F9AD7B6020BFC56000AD302F /* UIView+NibInitalization.swift */,
			);
			path = UIViewExtension;
			sourceTree = "<group>";
		};
		F9AD7B3020BE9E6B00AD302F /* CGSize */ = {
			isa = PBXGroup;
			children = (
				F9AD7B3120BE9E6B00AD302F /* CGSize+BDExtension.swift */,
			);
			path = CGSize;
			sourceTree = "<group>";
		};
		F9AD7B3220BE9E6B00AD302F /* UIControll */ = {
			isa = PBXGroup;
			children = (
				F9AD7B3320BE9E6B00AD302F /* UIControll+MutiClick.swift */,
			);
			path = UIControll;
			sourceTree = "<group>";
		};
		F9AD7B3420BE9E6B00AD302F /* UITextView */ = {
			isa = PBXGroup;
			children = (
				F9AD7B3520BE9E6B00AD302F /* UITextView+BDExtension.swift */,
			);
			path = UITextView;
			sourceTree = "<group>";
		};
		F9AD7B3620BE9E6B00AD302F /* UIViewController */ = {
			isa = PBXGroup;
			children = (
				F9AD7B3720BE9E6B00AD302F /* UIViewController+Keyboard.swift */,
			);
			path = UIViewController;
			sourceTree = "<group>";
		};
		F9AD7B3820BE9E6B00AD302F /* UINavigationController */ = {
			isa = PBXGroup;
			children = (
				F9AD7B3920BE9E6B00AD302F /* UINavigationController+BDPop.swift */,
			);
			path = UINavigationController;
			sourceTree = "<group>";
		};
		F9AD7B3A20BE9E6B00AD302F /* UITableView */ = {
			isa = PBXGroup;
			children = (
				F9AD7B3B20BE9E6B00AD302F /* UITableView+Extension.swift */,
			);
			path = UITableView;
			sourceTree = "<group>";
		};
		F9AD7B3C20BE9E6B00AD302F /* UIImageExtension */ = {
			isa = PBXGroup;
			children = (
				F9AD7B3D20BE9E6B00AD302F /* UIImage+Modify.swift */,
				F9AD7B3E20BE9E6B00AD302F /* UIImage+Effect.swift */,
			);
			path = UIImageExtension;
			sourceTree = "<group>";
		};
		F9AD7B3F20BE9E6B00AD302F /* UITextField */ = {
			isa = PBXGroup;
			children = (
				F9AD7B4020BE9E6B00AD302F /* UITextField+BDExtension.swift */,
			);
			path = UITextField;
			sourceTree = "<group>";
		};
		F9AD7B5D20BF9A5600AD302F /* Int */ = {
			isa = PBXGroup;
			children = (
				F9AD7B5E20BF9A7400AD302F /* Int+Normal.swift */,
			);
			path = Int;
			sourceTree = "<group>";
		};
		F9AD7B6220BFC60500AD302F /* View */ = {
			isa = PBXGroup;
			children = (
				F9AD7B6320BFC64E00AD302F /* TestCollectionReusableView.swift */,
				F9AD7B6420BFC64E00AD302F /* TestCollectionReusableView.xib */,
			);
			path = View;
			sourceTree = "<group>";
		};
/* End PBXGroup section */

/* Begin PBXNativeTarget section */
		F9AD7ADC20BE815A00AD302F /* Example */ = {
			isa = PBXNativeTarget;
			buildConfigurationList = F9AD7B0520BE815B00AD302F /* Build configuration list for PBXNativeTarget "Example" */;
			buildPhases = (
				F9AD7AD920BE815A00AD302F /* Sources */,
				F9AD7ADA20BE815A00AD302F /* Frameworks */,
				F9AD7ADB20BE815A00AD302F /* Resources */,
			);
			buildRules = (
			);
			dependencies = (
			);
			name = Example;
			productName = Example;
			productReference = F9AD7ADD20BE815A00AD302F /* Example.app */;
			productType = "com.apple.product-type.application";
		};
		F9AD7AF020BE815B00AD302F /* ExampleTests */ = {
			isa = PBXNativeTarget;
			buildConfigurationList = F9AD7B0820BE815B00AD302F /* Build configuration list for PBXNativeTarget "ExampleTests" */;
			buildPhases = (
				F9AD7AED20BE815B00AD302F /* Sources */,
				F9AD7AEE20BE815B00AD302F /* Frameworks */,
				F9AD7AEF20BE815B00AD302F /* Resources */,
			);
			buildRules = (
			);
			dependencies = (
				F9AD7AF320BE815B00AD302F /* PBXTargetDependency */,
			);
			name = ExampleTests;
			productName = ExampleTests;
			productReference = F9AD7AF120BE815B00AD302F /* ExampleTests.xctest */;
			productType = "com.apple.product-type.bundle.unit-test";
		};
		F9AD7AFB20BE815B00AD302F /* ExampleUITests */ = {
			isa = PBXNativeTarget;
			buildConfigurationList = F9AD7B0B20BE815B00AD302F /* Build configuration list for PBXNativeTarget "ExampleUITests" */;
			buildPhases = (
				F9AD7AF820BE815B00AD302F /* Sources */,
				F9AD7AF920BE815B00AD302F /* Frameworks */,
				F9AD7AFA20BE815B00AD302F /* Resources */,
			);
			buildRules = (
			);
			dependencies = (
				F9AD7AFE20BE815B00AD302F /* PBXTargetDependency */,
			);
			name = ExampleUITests;
			productName = ExampleUITests;
			productReference = F9AD7AFC20BE815B00AD302F /* ExampleUITests.xctest */;
			productType = "com.apple.product-type.bundle.ui-testing";
		};
/* End PBXNativeTarget section */

/* Begin PBXProject section */
		F9AD7AD520BE815A00AD302F /* Project object */ = {
			isa = PBXProject;
			attributes = {
				LastSwiftUpdateCheck = 0930;
				LastUpgradeCheck = 0930;
				ORGANIZATIONNAME = "品驰医疗";
				TargetAttributes = {
					F9AD7ADC20BE815A00AD302F = {
						CreatedOnToolsVersion = 9.3.1;
						LastSwiftMigration = 1000;
					};
					F9AD7AF020BE815B00AD302F = {
						CreatedOnToolsVersion = 9.3.1;
						LastSwiftMigration = 1000;
						TestTargetID = F9AD7ADC20BE815A00AD302F;
					};
					F9AD7AFB20BE815B00AD302F = {
						CreatedOnToolsVersion = 9.3.1;
						LastSwiftMigration = 1000;
						TestTargetID = F9AD7ADC20BE815A00AD302F;
					};
				};
			};
			buildConfigurationList = F9AD7AD820BE815A00AD302F /* Build configuration list for PBXProject "Example" */;
			compatibilityVersion = "Xcode 9.3";
			developmentRegion = en;
			hasScannedForEncodings = 0;
			knownRegions = (
				en,
				Base,
			);
			mainGroup = F9AD7AD420BE815A00AD302F;
			productRefGroup = F9AD7ADE20BE815A00AD302F /* Products */;
			projectDirPath = "";
			projectRoot = "";
			targets = (
				F9AD7ADC20BE815A00AD302F /* Example */,
				F9AD7AF020BE815B00AD302F /* ExampleTests */,
				F9AD7AFB20BE815B00AD302F /* ExampleUITests */,
			);
		};
/* End PBXProject section */

/* Begin PBXResourcesBuildPhase section */
		F9AD7ADB20BE815A00AD302F /* Resources */ = {
			isa = PBXResourcesBuildPhase;
			buildActionMask = 2147483647;
			files = (
				F9AD7AEB20BE815B00AD302F /* LaunchScreen.storyboard in Resources */,
				F9AD7AE820BE815B00AD302F /* Assets.xcassets in Resources */,
				F9AD7AE620BE815A00AD302F /* Main.storyboard in Resources */,
				F9AD7B1420BE9DF600AD302F /* .gitkeep in Resources */,
			);
			runOnlyForDeploymentPostprocessing = 0;
		};
		F9AD7AEF20BE815B00AD302F /* Resources */ = {
			isa = PBXResourcesBuildPhase;
			buildActionMask = 2147483647;
			files = (
				F9AD7B6620BFC64E00AD302F /* TestCollectionReusableView.xib in Resources */,
			);
			runOnlyForDeploymentPostprocessing = 0;
		};
		F9AD7AFA20BE815B00AD302F /* Resources */ = {
			isa = PBXResourcesBuildPhase;
			buildActionMask = 2147483647;
			files = (
			);
			runOnlyForDeploymentPostprocessing = 0;
		};
/* End PBXResourcesBuildPhase section */

/* Begin PBXSourcesBuildPhase section */
		F9AD7AD920BE815A00AD302F /* Sources */ = {
			isa = PBXSourcesBuildPhase;
			buildActionMask = 2147483647;
			files = (
				F9AD7B5120BE9E6B00AD302F /* UIControll+MutiClick.swift in Sources */,
				F9AD7AE320BE815A00AD302F /* ViewController.swift in Sources */,
				F9AD7B4420BE9E6B00AD302F /* BDFileUtilities.swift in Sources */,
				F9AD7B4E20BE9E6B00AD302F /* UIView+LayoutMethods.swift in Sources */,
				F9AD7B4C20BE9E6B00AD302F /* UIButton+Center.swift in Sources */,
				F9AD7B5420BE9E6B00AD302F /* UINavigationController+BDPop.swift in Sources */,
				F9AD7B4B20BE9E6B00AD302F /* UILabel+Extension.swift in Sources */,
				F9AD7B5520BE9E6B00AD302F /* UITableView+Extension.swift in Sources */,
				F9AD7B4620BE9E6B00AD302F /* Date+BDExtension.swift in Sources */,
				F9AD7B5C20BF9A0B00AD302F /* String+Normal.swift in Sources */,
				F9AD7B4F20BE9E6B00AD302F /* UIView+SnapShot.swift in Sources */,
				F9AD7B5020BE9E6B00AD302F /* CGSize+BDExtension.swift in Sources */,
				F93374D1213D161D002A8CAE /* String+Coding.swift in Sources */,
				F9AD7B4520BE9E6B00AD302F /* DigitalTranslator.swift in Sources */,
				F9AD7B5620BE9E6B00AD302F /* UIImage+Modify.swift in Sources */,
				F9AD7B5220BE9E6B00AD302F /* UITextView+BDExtension.swift in Sources */,
				F9AD7B4D20BE9E6B00AD302F /* UIColor+BDExtension.swift in Sources */,
				F9AD7B5320BE9E6B00AD302F /* UIViewController+Keyboard.swift in Sources */,
				F9AD7B5820BE9E6B00AD302F /* UITextField+BDExtension.swift in Sources */,
				F9AD7B4720BE9E6B00AD302F /* String+TextSize.swift in Sources */,
				F9AD7B4920BE9E6B00AD302F /* String+Replace.swift in Sources */,
				F9AD7B4820BE9E6B00AD302F /* String+Verification.swift in Sources */,
				F9AD7B6120BFC56000AD302F /* UIView+NibInitalization.swift in Sources */,
				F9AD7B5720BE9E6B00AD302F /* UIImage+Effect.swift in Sources */,
				F9AD7B5F20BF9A7400AD302F /* Int+Normal.swift in Sources */,
				F93374D4213E7660002A8CAE /* Float+Normal.swift in Sources */,
				F9AD7AE120BE815A00AD302F /* AppDelegate.swift in Sources */,
			);
			runOnlyForDeploymentPostprocessing = 0;
		};
		F9AD7AED20BE815B00AD302F /* Sources */ = {
			isa = PBXSourcesBuildPhase;
			buildActionMask = 2147483647;
			files = (
				F9AD7B6520BFC64E00AD302F /* TestCollectionReusableView.swift in Sources */,
				F9337512213FBA7A002A8CAE /* DateExtensionTest.swift in Sources */,
				F9E11A8820C5166E007803F6 /* StringExtensionTest.swift in Sources */,
				F9AD7AF620BE815B00AD302F /* ExampleTests.swift in Sources */,
			);
			runOnlyForDeploymentPostprocessing = 0;
		};
		F9AD7AF820BE815B00AD302F /* Sources */ = {
			isa = PBXSourcesBuildPhase;
			buildActionMask = 2147483647;
			files = (
				F9AD7B0120BE815B00AD302F /* ExampleUITests.swift in Sources */,
			);
			runOnlyForDeploymentPostprocessing = 0;
		};
/* End PBXSourcesBuildPhase section */

/* Begin PBXTargetDependency section */
		F9AD7AF320BE815B00AD302F /* PBXTargetDependency */ = {
			isa = PBXTargetDependency;
			target = F9AD7ADC20BE815A00AD302F /* Example */;
			targetProxy = F9AD7AF220BE815B00AD302F /* PBXContainerItemProxy */;
		};
		F9AD7AFE20BE815B00AD302F /* PBXTargetDependency */ = {
			isa = PBXTargetDependency;
			target = F9AD7ADC20BE815A00AD302F /* Example */;
			targetProxy = F9AD7AFD20BE815B00AD302F /* PBXContainerItemProxy */;
		};
/* End PBXTargetDependency section */

/* Begin PBXVariantGroup section */
		F9AD7AE420BE815A00AD302F /* Main.storyboard */ = {
			isa = PBXVariantGroup;
			children = (
				F9AD7AE520BE815A00AD302F /* Base */,
			);
			name = Main.storyboard;
			sourceTree = "<group>";
		};
		F9AD7AE920BE815B00AD302F /* LaunchScreen.storyboard */ = {
			isa = PBXVariantGroup;
			children = (
				F9AD7AEA20BE815B00AD302F /* Base */,
			);
			name = LaunchScreen.storyboard;
			sourceTree = "<group>";
		};
/* End PBXVariantGroup section */

/* Begin XCBuildConfiguration section */
		F9AD7B0320BE815B00AD302F /* Debug */ = {
			isa = XCBuildConfiguration;
			buildSettings = {
				ALWAYS_SEARCH_USER_PATHS = NO;
				CLANG_ANALYZER_NONNULL = YES;
				CLANG_ANALYZER_NUMBER_OBJECT_CONVERSION = YES_AGGRESSIVE;
				CLANG_CXX_LANGUAGE_STANDARD = "gnu++14";
				CLANG_CXX_LIBRARY = "libc++";
				CLANG_ENABLE_MODULES = YES;
				CLANG_ENABLE_OBJC_ARC = YES;
				CLANG_ENABLE_OBJC_WEAK = YES;
				CLANG_WARN_BLOCK_CAPTURE_AUTORELEASING = YES;
				CLANG_WARN_BOOL_CONVERSION = YES;
				CLANG_WARN_COMMA = YES;
				CLANG_WARN_CONSTANT_CONVERSION = YES;
				CLANG_WARN_DEPRECATED_OBJC_IMPLEMENTATIONS = YES;
				CLANG_WARN_DIRECT_OBJC_ISA_USAGE = YES_ERROR;
				CLANG_WARN_DOCUMENTATION_COMMENTS = YES;
				CLANG_WARN_EMPTY_BODY = YES;
				CLANG_WARN_ENUM_CONVERSION = YES;
				CLANG_WARN_INFINITE_RECURSION = YES;
				CLANG_WARN_INT_CONVERSION = YES;
				CLANG_WARN_NON_LITERAL_NULL_CONVERSION = YES;
				CLANG_WARN_OBJC_IMPLICIT_RETAIN_SELF = YES;
				CLANG_WARN_OBJC_LITERAL_CONVERSION = YES;
				CLANG_WARN_OBJC_ROOT_CLASS = YES_ERROR;
				CLANG_WARN_RANGE_LOOP_ANALYSIS = YES;
				CLANG_WARN_STRICT_PROTOTYPES = YES;
				CLANG_WARN_SUSPICIOUS_MOVE = YES;
				CLANG_WARN_UNGUARDED_AVAILABILITY = YES_AGGRESSIVE;
				CLANG_WARN_UNREACHABLE_CODE = YES;
				CLANG_WARN__DUPLICATE_METHOD_MATCH = YES;
				CODE_SIGN_IDENTITY = "iPhone Developer";
				COPY_PHASE_STRIP = NO;
				DEBUG_INFORMATION_FORMAT = dwarf;
				ENABLE_STRICT_OBJC_MSGSEND = YES;
				ENABLE_TESTABILITY = YES;
				GCC_C_LANGUAGE_STANDARD = gnu11;
				GCC_DYNAMIC_NO_PIC = NO;
				GCC_NO_COMMON_BLOCKS = YES;
				GCC_OPTIMIZATION_LEVEL = 0;
				GCC_PREPROCESSOR_DEFINITIONS = (
					"DEBUG=1",
					"$(inherited)",
				);
				GCC_WARN_64_TO_32_BIT_CONVERSION = YES;
				GCC_WARN_ABOUT_RETURN_TYPE = YES_ERROR;
				GCC_WARN_UNDECLARED_SELECTOR = YES;
				GCC_WARN_UNINITIALIZED_AUTOS = YES_AGGRESSIVE;
				GCC_WARN_UNUSED_FUNCTION = YES;
				GCC_WARN_UNUSED_VARIABLE = YES;
				IPHONEOS_DEPLOYMENT_TARGET = 11.3;
				MTL_ENABLE_DEBUG_INFO = YES;
				ONLY_ACTIVE_ARCH = YES;
				SDKROOT = iphoneos;
				SWIFT_ACTIVE_COMPILATION_CONDITIONS = DEBUG;
				SWIFT_OPTIMIZATION_LEVEL = "-Onone";
			};
			name = Debug;
		};
		F9AD7B0420BE815B00AD302F /* Release */ = {
			isa = XCBuildConfiguration;
			buildSettings = {
				ALWAYS_SEARCH_USER_PATHS = NO;
				CLANG_ANALYZER_NONNULL = YES;
				CLANG_ANALYZER_NUMBER_OBJECT_CONVERSION = YES_AGGRESSIVE;
				CLANG_CXX_LANGUAGE_STANDARD = "gnu++14";
				CLANG_CXX_LIBRARY = "libc++";
				CLANG_ENABLE_MODULES = YES;
				CLANG_ENABLE_OBJC_ARC = YES;
				CLANG_ENABLE_OBJC_WEAK = YES;
				CLANG_WARN_BLOCK_CAPTURE_AUTORELEASING = YES;
				CLANG_WARN_BOOL_CONVERSION = YES;
				CLANG_WARN_COMMA = YES;
				CLANG_WARN_CONSTANT_CONVERSION = YES;
				CLANG_WARN_DEPRECATED_OBJC_IMPLEMENTATIONS = YES;
				CLANG_WARN_DIRECT_OBJC_ISA_USAGE = YES_ERROR;
				CLANG_WARN_DOCUMENTATION_COMMENTS = YES;
				CLANG_WARN_EMPTY_BODY = YES;
				CLANG_WARN_ENUM_CONVERSION = YES;
				CLANG_WARN_INFINITE_RECURSION = YES;
				CLANG_WARN_INT_CONVERSION = YES;
				CLANG_WARN_NON_LITERAL_NULL_CONVERSION = YES;
				CLANG_WARN_OBJC_IMPLICIT_RETAIN_SELF = YES;
				CLANG_WARN_OBJC_LITERAL_CONVERSION = YES;
				CLANG_WARN_OBJC_ROOT_CLASS = YES_ERROR;
				CLANG_WARN_RANGE_LOOP_ANALYSIS = YES;
				CLANG_WARN_STRICT_PROTOTYPES = YES;
				CLANG_WARN_SUSPICIOUS_MOVE = YES;
				CLANG_WARN_UNGUARDED_AVAILABILITY = YES_AGGRESSIVE;
				CLANG_WARN_UNREACHABLE_CODE = YES;
				CLANG_WARN__DUPLICATE_METHOD_MATCH = YES;
				CODE_SIGN_IDENTITY = "iPhone Developer";
				COPY_PHASE_STRIP = NO;
				DEBUG_INFORMATION_FORMAT = "dwarf-with-dsym";
				ENABLE_NS_ASSERTIONS = NO;
				ENABLE_STRICT_OBJC_MSGSEND = YES;
				GCC_C_LANGUAGE_STANDARD = gnu11;
				GCC_NO_COMMON_BLOCKS = YES;
				GCC_WARN_64_TO_32_BIT_CONVERSION = YES;
				GCC_WARN_ABOUT_RETURN_TYPE = YES_ERROR;
				GCC_WARN_UNDECLARED_SELECTOR = YES;
				GCC_WARN_UNINITIALIZED_AUTOS = YES_AGGRESSIVE;
				GCC_WARN_UNUSED_FUNCTION = YES;
				GCC_WARN_UNUSED_VARIABLE = YES;
				IPHONEOS_DEPLOYMENT_TARGET = 11.3;
				MTL_ENABLE_DEBUG_INFO = NO;
				SDKROOT = iphoneos;
				SWIFT_COMPILATION_MODE = wholemodule;
				SWIFT_OPTIMIZATION_LEVEL = "-O";
				VALIDATE_PRODUCT = YES;
			};
			name = Release;
		};
		F9AD7B0620BE815B00AD302F /* Debug */ = {
			isa = XCBuildConfiguration;
			buildSettings = {
				ASSETCATALOG_COMPILER_APPICON_NAME = AppIcon;
				CODE_SIGN_STYLE = Automatic;
				INFOPLIST_FILE = Example/Info.plist;
				LD_RUNPATH_SEARCH_PATHS = (
					"$(inherited)",
					"@executable_path/Frameworks",
				);
				PRODUCT_BUNDLE_IDENTIFIER = com.pinsmedical.Example;
				PRODUCT_NAME = "$(TARGET_NAME)";
				SWIFT_VERSION = 4.2;
				TARGETED_DEVICE_FAMILY = "1,2";
			};
			name = Debug;
		};
		F9AD7B0720BE815B00AD302F /* Release */ = {
			isa = XCBuildConfiguration;
			buildSettings = {
				ASSETCATALOG_COMPILER_APPICON_NAME = AppIcon;
				CODE_SIGN_STYLE = Automatic;
				INFOPLIST_FILE = Example/Info.plist;
				LD_RUNPATH_SEARCH_PATHS = (
					"$(inherited)",
					"@executable_path/Frameworks",
				);
				PRODUCT_BUNDLE_IDENTIFIER = com.pinsmedical.Example;
				PRODUCT_NAME = "$(TARGET_NAME)";
				SWIFT_VERSION = 4.2;
				TARGETED_DEVICE_FAMILY = "1,2";
			};
			name = Release;
		};
		F9AD7B0920BE815B00AD302F /* Debug */ = {
			isa = XCBuildConfiguration;
			buildSettings = {
				ALWAYS_EMBED_SWIFT_STANDARD_LIBRARIES = YES;
				BUNDLE_LOADER = "$(TEST_HOST)";
				CODE_SIGN_STYLE = Automatic;
				INFOPLIST_FILE = ExampleTests/Info.plist;
				LD_RUNPATH_SEARCH_PATHS = (
					"$(inherited)",
					"@executable_path/Frameworks",
					"@loader_path/Frameworks",
				);
				PRODUCT_BUNDLE_IDENTIFIER = com.pinsmedical.ExampleTests;
				PRODUCT_NAME = "$(TARGET_NAME)";
				SWIFT_VERSION = 4.2;
				TARGETED_DEVICE_FAMILY = "1,2";
				TEST_HOST = "$(BUILT_PRODUCTS_DIR)/Example.app/Example";
			};
			name = Debug;
		};
		F9AD7B0A20BE815B00AD302F /* Release */ = {
			isa = XCBuildConfiguration;
			buildSettings = {
				ALWAYS_EMBED_SWIFT_STANDARD_LIBRARIES = YES;
				BUNDLE_LOADER = "$(TEST_HOST)";
				CODE_SIGN_STYLE = Automatic;
				INFOPLIST_FILE = ExampleTests/Info.plist;
				LD_RUNPATH_SEARCH_PATHS = (
					"$(inherited)",
					"@executable_path/Frameworks",
					"@loader_path/Frameworks",
				);
				PRODUCT_BUNDLE_IDENTIFIER = com.pinsmedical.ExampleTests;
				PRODUCT_NAME = "$(TARGET_NAME)";
				SWIFT_VERSION = 4.2;
				TARGETED_DEVICE_FAMILY = "1,2";
				TEST_HOST = "$(BUILT_PRODUCTS_DIR)/Example.app/Example";
			};
			name = Release;
		};
		F9AD7B0C20BE815B00AD302F /* Debug */ = {
			isa = XCBuildConfiguration;
			buildSettings = {
				ALWAYS_EMBED_SWIFT_STANDARD_LIBRARIES = YES;
				CODE_SIGN_STYLE = Automatic;
				INFOPLIST_FILE = ExampleUITests/Info.plist;
				LD_RUNPATH_SEARCH_PATHS = (
					"$(inherited)",
					"@executable_path/Frameworks",
					"@loader_path/Frameworks",
				);
				PRODUCT_BUNDLE_IDENTIFIER = com.pinsmedical.ExampleUITests;
				PRODUCT_NAME = "$(TARGET_NAME)";
				SWIFT_VERSION = 4.2;
				TARGETED_DEVICE_FAMILY = "1,2";
				TEST_TARGET_NAME = Example;
			};
			name = Debug;
		};
		F9AD7B0D20BE815B00AD302F /* Release */ = {
			isa = XCBuildConfiguration;
			buildSettings = {
				ALWAYS_EMBED_SWIFT_STANDARD_LIBRARIES = YES;
				CODE_SIGN_STYLE = Automatic;
				INFOPLIST_FILE = ExampleUITests/Info.plist;
				LD_RUNPATH_SEARCH_PATHS = (
					"$(inherited)",
					"@executable_path/Frameworks",
					"@loader_path/Frameworks",
				);
				PRODUCT_BUNDLE_IDENTIFIER = com.pinsmedical.ExampleUITests;
				PRODUCT_NAME = "$(TARGET_NAME)";
				SWIFT_VERSION = 4.2;
				TARGETED_DEVICE_FAMILY = "1,2";
				TEST_TARGET_NAME = Example;
			};
			name = Release;
		};
/* End XCBuildConfiguration section */

/* Begin XCConfigurationList section */
		F9AD7AD820BE815A00AD302F /* Build configuration list for PBXProject "Example" */ = {
			isa = XCConfigurationList;
			buildConfigurations = (
				F9AD7B0320BE815B00AD302F /* Debug */,
				F9AD7B0420BE815B00AD302F /* Release */,
			);
			defaultConfigurationIsVisible = 0;
			defaultConfigurationName = Release;
		};
		F9AD7B0520BE815B00AD302F /* Build configuration list for PBXNativeTarget "Example" */ = {
			isa = XCConfigurationList;
			buildConfigurations = (
				F9AD7B0620BE815B00AD302F /* Debug */,
				F9AD7B0720BE815B00AD302F /* Release */,
			);
			defaultConfigurationIsVisible = 0;
			defaultConfigurationName = Release;
		};
		F9AD7B0820BE815B00AD302F /* Build configuration list for PBXNativeTarget "ExampleTests" */ = {
			isa = XCConfigurationList;
			buildConfigurations = (
				F9AD7B0920BE815B00AD302F /* Debug */,
				F9AD7B0A20BE815B00AD302F /* Release */,
			);
			defaultConfigurationIsVisible = 0;
			defaultConfigurationName = Release;
		};
		F9AD7B0B20BE815B00AD302F /* Build configuration list for PBXNativeTarget "ExampleUITests" */ = {
			isa = XCConfigurationList;
			buildConfigurations = (
				F9AD7B0C20BE815B00AD302F /* Debug */,
				F9AD7B0D20BE815B00AD302F /* Release */,
			);
			defaultConfigurationIsVisible = 0;
			defaultConfigurationName = Release;
		};
/* End XCConfigurationList section */
	};
	rootObject = F9AD7AD520BE815A00AD302F /* Project object */;
}
